// !$*UTF8*$!
{
	archiveVersion = 1;
	classes = {
	};
	objectVersion = 46;
	objects = {

/* Begin PBXBuildFile section */
		141D678A1EBC723700065D86 /* main.m in Sources */ = {isa = PBXBuildFile; fileRef = 141D67891EBC723700065D86 /* main.m */; };
		141D678D1EBC723700065D86 /* AppDelegate.m in Sources */ = {isa = PBXBuildFile; fileRef = 141D678C1EBC723700065D86 /* AppDelegate.m */; };
		141D67931EBC723700065D86 /* Main.storyboard in Resources */ = {isa = PBXBuildFile; fileRef = 141D67911EBC723700065D86 /* Main.storyboard */; };
		141D67951EBC723700065D86 /* Assets.xcassets in Resources */ = {isa = PBXBuildFile; fileRef = 141D67941EBC723700065D86 /* Assets.xcassets */; };
		141D67981EBC723700065D86 /* LaunchScreen.storyboard in Resources */ = {isa = PBXBuildFile; fileRef = 141D67961EBC723700065D86 /* LaunchScreen.storyboard */; };
		141D67B21EBC7D7500065D86 /* Home.storyboard in Resources */ = {isa = PBXBuildFile; fileRef = 141D67B11EBC7D7500065D86 /* Home.storyboard */; };
		141D67B61EBC7DE900065D86 /* Live.storyboard in Resources */ = {isa = PBXBuildFile; fileRef = 141D67B51EBC7DE900065D86 /* Live.storyboard */; };
		141D67B81EBC7E2700065D86 /* Profile.storyboard in Resources */ = {isa = PBXBuildFile; fileRef = 141D67B71EBC7E2700065D86 /* Profile.storyboard */; };
		141D67BB1EBC7F1500065D86 /* MainViewController.m in Sources */ = {isa = PBXBuildFile; fileRef = 141D67BA1EBC7F1500065D86 /* MainViewController.m */; };
		1428B7C01EBCA04A00D072B7 /* UITabBar+Swizzling.m in Sources */ = {isa = PBXBuildFile; fileRef = 1428B7BF1EBCA04900D072B7 /* UITabBar+Swizzling.m */; };
		1428B7C31EBCA4EF00D072B7 /* HomeViewController.m in Sources */ = {isa = PBXBuildFile; fileRef = 1428B7C21EBCA4EF00D072B7 /* HomeViewController.m */; };
		1428B7C61EBCA4F900D072B7 /* LiveViewController.m in Sources */ = {isa = PBXBuildFile; fileRef = 1428B7C51EBCA4F900D072B7 /* LiveViewController.m */; };
		1428B7C91EBCA50200D072B7 /* ProfileViewController.m in Sources */ = {isa = PBXBuildFile; fileRef = 1428B7C81EBCA50200D072B7 /* ProfileViewController.m */; };
		146337611EC17481007A7440 /* RecommendViewController.m in Sources */ = {isa = PBXBuildFile; fileRef = 146337601EC17481007A7440 /* RecommendViewController.m */; };
		146337651EC194F8007A7440 /* RecommendHeaderView.m in Sources */ = {isa = PBXBuildFile; fileRef = 146337631EC194F8007A7440 /* RecommendHeaderView.m */; };
		146337661EC194F8007A7440 /* RecommendHeaderView.xib in Resources */ = {isa = PBXBuildFile; fileRef = 146337641EC194F8007A7440 /* RecommendHeaderView.xib */; };
		146337771EC1A8FE007A7440 /* CollectionNormalCell.m in Sources */ = {isa = PBXBuildFile; fileRef = 146337751EC1A8FE007A7440 /* CollectionNormalCell.m */; };
		146337781EC1A8FE007A7440 /* CollectionNormalCell.xib in Resources */ = {isa = PBXBuildFile; fileRef = 146337761EC1A8FE007A7440 /* CollectionNormalCell.xib */; };
		1463377C1EC1AEE6007A7440 /* CollectionPrettyCell.m in Sources */ = {isa = PBXBuildFile; fileRef = 1463377A1EC1AEE6007A7440 /* CollectionPrettyCell.m */; };
		1463377D1EC1AEE6007A7440 /* CollectionPrettyCell.xib in Resources */ = {isa = PBXBuildFile; fileRef = 1463377B1EC1AEE6007A7440 /* CollectionPrettyCell.xib */; };
		146337801EC1BA1C007A7440 /* NetWork.m in Sources */ = {isa = PBXBuildFile; fileRef = 1463377F1EC1BA1C007A7440 /* NetWork.m */; };
		146337841EC1BC4E007A7440 /* RecommendViewModel.m in Sources */ = {isa = PBXBuildFile; fileRef = 146337831EC1BC4E007A7440 /* RecommendViewModel.m */; };
		146337891EC1C443007A7440 /* BIgDataModel.m in Sources */ = {isa = PBXBuildFile; fileRef = 146337881EC1C443007A7440 /* BIgDataModel.m */; };
		1463378C1EC1CB02007A7440 /* NSObject+Extend.m in Sources */ = {isa = PBXBuildFile; fileRef = 1463378B1EC1CB02007A7440 /* NSObject+Extend.m */; };
		1463378F1EC1D0B7007A7440 /* PrettyDataModel.m in Sources */ = {isa = PBXBuildFile; fileRef = 1463378E1EC1D0B7007A7440 /* PrettyDataModel.m */; };
		146337921EC1D5F2007A7440 /* RoomListModel.m in Sources */ = {isa = PBXBuildFile; fileRef = 146337911EC1D5F2007A7440 /* RoomListModel.m */; };
		146337951EC1D625007A7440 /* HotCareModel.m in Sources */ = {isa = PBXBuildFile; fileRef = 146337941EC1D625007A7440 /* HotCareModel.m */; };
		1466F5A91EC2E6BD00AA238F /* RecommendCycleView.m in Sources */ = {isa = PBXBuildFile; fileRef = 1466F5A81EC2E6BD00AA238F /* RecommendCycleView.m */; };
		1466F5AB1EC2E6CE00AA238F /* RecommendCycleView.xib in Resources */ = {isa = PBXBuildFile; fileRef = 1466F5AA1EC2E6CE00AA238F /* RecommendCycleView.xib */; };
		1466F5AE1EC2F60000AA238F /* CycleModel.m in Sources */ = {isa = PBXBuildFile; fileRef = 1466F5AD1EC2F60000AA238F /* CycleModel.m */; };
		1466F5B21EC3004800AA238F /* CollectionCycleCell.m in Sources */ = {isa = PBXBuildFile; fileRef = 1466F5B01EC3004800AA238F /* CollectionCycleCell.m */; };
		1466F5B31EC3004800AA238F /* CollectionCycleCell.xib in Resources */ = {isa = PBXBuildFile; fileRef = 1466F5B11EC3004800AA238F /* CollectionCycleCell.xib */; };
		1466F5B61EC31D7F00AA238F /* RecommendGameView.m in Sources */ = {isa = PBXBuildFile; fileRef = 1466F5B51EC31D7F00AA238F /* RecommendGameView.m */; };
		1466F5B81EC31D8B00AA238F /* RecommendGameView.xib in Resources */ = {isa = PBXBuildFile; fileRef = 1466F5B71EC31D8B00AA238F /* RecommendGameView.xib */; };
		1466F5BC1EC32A0A00AA238F /* CollectionGameCell.m in Sources */ = {isa = PBXBuildFile; fileRef = 1466F5BA1EC32A0A00AA238F /* CollectionGameCell.m */; };
		1466F5BD1EC32A0A00AA238F /* CollectionGameCell.xib in Resources */ = {isa = PBXBuildFile; fileRef = 1466F5BB1EC32A0A00AA238F /* CollectionGameCell.xib */; };
		146B2D6B1EC0223600974785 /* UIBarButtonItem+Extend.m in Sources */ = {isa = PBXBuildFile; fileRef = 146B2D6A1EC0223600974785 /* UIBarButtonItem+Extend.m */; };
		146B2D6E1EC022CD00974785 /* UIColor+Extend.m in Sources */ = {isa = PBXBuildFile; fileRef = 146B2D6D1EC022CD00974785 /* UIColor+Extend.m */; };
		146B2D731EC04DB400974785 /* PageTitleView.m in Sources */ = {isa = PBXBuildFile; fileRef = 146B2D721EC04DB400974785 /* PageTitleView.m */; };
		146B2D761EC0691700974785 /* PageContentView.m in Sources */ = {isa = PBXBuildFile; fileRef = 146B2D751EC0691700974785 /* PageContentView.m */; };
		2D7D6D10B922922F49AD9DC0 /* libPods-Live.a in Frameworks */ = {isa = PBXBuildFile; fileRef = C36C63CC0ABC62F08BC68704 /* libPods-Live.a */; };
/* End PBXBuildFile section */

/* Begin PBXFileReference section */
		141D67851EBC723700065D86 /* Live.app */ = {isa = PBXFileReference; explicitFileType = wrapper.application; includeInIndex = 0; path = Live.app; sourceTree = BUILT_PRODUCTS_DIR; };
		141D67891EBC723700065D86 /* main.m */ = {isa = PBXFileReference; lastKnownFileType = sourcecode.c.objc; path = main.m; sourceTree = "<group>"; };
		141D678B1EBC723700065D86 /* AppDelegate.h */ = {isa = PBXFileReference; lastKnownFileType = sourcecode.c.h; path = AppDelegate.h; sourceTree = "<group>"; };
		141D678C1EBC723700065D86 /* AppDelegate.m */ = {isa = PBXFileReference; lastKnownFileType = sourcecode.c.objc; path = AppDelegate.m; sourceTree = "<group>"; };
		141D67921EBC723700065D86 /* Base */ = {isa = PBXFileReference; lastKnownFileType = file.storyboard; name = Base; path = Base.lproj/Main.storyboard; sourceTree = "<group>"; };
		141D67941EBC723700065D86 /* Assets.xcassets */ = {isa = PBXFileReference; lastKnownFileType = folder.assetcatalog; path = Assets.xcassets; sourceTree = "<group>"; };
		141D67971EBC723700065D86 /* Base */ = {isa = PBXFileReference; lastKnownFileType = file.storyboard; name = Base; path = Base.lproj/LaunchScreen.storyboard; sourceTree = "<group>"; };
		141D67991EBC723700065D86 /* Info.plist */ = {isa = PBXFileReference; lastKnownFileType = text.plist.xml; path = Info.plist; sourceTree = "<group>"; };
		141D67B11EBC7D7500065D86 /* Home.storyboard */ = {isa = PBXFileReference; fileEncoding = 4; lastKnownFileType = file.storyboard; path = Home.storyboard; sourceTree = "<group>"; };
		141D67B51EBC7DE900065D86 /* Live.storyboard */ = {isa = PBXFileReference; fileEncoding = 4; lastKnownFileType = file.storyboard; path = Live.storyboard; sourceTree = "<group>"; };
		141D67B71EBC7E2700065D86 /* Profile.storyboard */ = {isa = PBXFileReference; fileEncoding = 4; lastKnownFileType = file.storyboard; path = Profile.storyboard; sourceTree = "<group>"; };
		141D67B91EBC7F1500065D86 /* MainViewController.h */ = {isa = PBXFileReference; fileEncoding = 4; lastKnownFileType = sourcecode.c.h; path = MainViewController.h; sourceTree = "<group>"; };
		141D67BA1EBC7F1500065D86 /* MainViewController.m */ = {isa = PBXFileReference; fileEncoding = 4; lastKnownFileType = sourcecode.c.objc; path = MainViewController.m; sourceTree = "<group>"; };
		1428B7BE1EBCA04900D072B7 /* UITabBar+Swizzling.h */ = {isa = PBXFileReference; fileEncoding = 4; lastKnownFileType = sourcecode.c.h; path = "UITabBar+Swizzling.h"; sourceTree = "<group>"; };
		1428B7BF1EBCA04900D072B7 /* UITabBar+Swizzling.m */ = {isa = PBXFileReference; fileEncoding = 4; lastKnownFileType = sourcecode.c.objc; path = "UITabBar+Swizzling.m"; sourceTree = "<group>"; };
		1428B7C11EBCA4EF00D072B7 /* HomeViewController.h */ = {isa = PBXFileReference; fileEncoding = 4; lastKnownFileType = sourcecode.c.h; path = HomeViewController.h; sourceTree = "<group>"; };
		1428B7C21EBCA4EF00D072B7 /* HomeViewController.m */ = {isa = PBXFileReference; fileEncoding = 4; lastKnownFileType = sourcecode.c.objc; path = HomeViewController.m; sourceTree = "<group>"; };
		1428B7C41EBCA4F900D072B7 /* LiveViewController.h */ = {isa = PBXFileReference; fileEncoding = 4; lastKnownFileType = sourcecode.c.h; path = LiveViewController.h; sourceTree = "<group>"; };
		1428B7C51EBCA4F900D072B7 /* LiveViewController.m */ = {isa = PBXFileReference; fileEncoding = 4; lastKnownFileType = sourcecode.c.objc; path = LiveViewController.m; sourceTree = "<group>"; };
		1428B7C71EBCA50200D072B7 /* ProfileViewController.h */ = {isa = PBXFileReference; fileEncoding = 4; lastKnownFileType = sourcecode.c.h; path = ProfileViewController.h; sourceTree = "<group>"; };
		1428B7C81EBCA50200D072B7 /* ProfileViewController.m */ = {isa = PBXFileReference; fileEncoding = 4; lastKnownFileType = sourcecode.c.objc; path = ProfileViewController.m; sourceTree = "<group>"; };
		1463375F1EC17481007A7440 /* RecommendViewController.h */ = {isa = PBXFileReference; fileEncoding = 4; lastKnownFileType = sourcecode.c.h; path = RecommendViewController.h; sourceTree = "<group>"; };
		146337601EC17481007A7440 /* RecommendViewController.m */ = {isa = PBXFileReference; fileEncoding = 4; lastKnownFileType = sourcecode.c.objc; path = RecommendViewController.m; sourceTree = "<group>"; };
		146337621EC194F8007A7440 /* RecommendHeaderView.h */ = {isa = PBXFileReference; fileEncoding = 4; lastKnownFileType = sourcecode.c.h; path = RecommendHeaderView.h; sourceTree = "<group>"; };
		146337631EC194F8007A7440 /* RecommendHeaderView.m */ = {isa = PBXFileReference; fileEncoding = 4; lastKnownFileType = sourcecode.c.objc; path = RecommendHeaderView.m; sourceTree = "<group>"; };
		146337641EC194F8007A7440 /* RecommendHeaderView.xib */ = {isa = PBXFileReference; fileEncoding = 4; lastKnownFileType = file.xib; path = RecommendHeaderView.xib; sourceTree = "<group>"; };
		146337741EC1A8FE007A7440 /* CollectionNormalCell.h */ = {isa = PBXFileReference; fileEncoding = 4; lastKnownFileType = sourcecode.c.h; path = CollectionNormalCell.h; sourceTree = "<group>"; };
		146337751EC1A8FE007A7440 /* CollectionNormalCell.m */ = {isa = PBXFileReference; fileEncoding = 4; lastKnownFileType = sourcecode.c.objc; path = CollectionNormalCell.m; sourceTree = "<group>"; };
		146337761EC1A8FE007A7440 /* CollectionNormalCell.xib */ = {isa = PBXFileReference; fileEncoding = 4; lastKnownFileType = file.xib; path = CollectionNormalCell.xib; sourceTree = "<group>"; };
		146337791EC1AEE6007A7440 /* CollectionPrettyCell.h */ = {isa = PBXFileReference; fileEncoding = 4; lastKnownFileType = sourcecode.c.h; path = CollectionPrettyCell.h; sourceTree = "<group>"; };
		1463377A1EC1AEE6007A7440 /* CollectionPrettyCell.m */ = {isa = PBXFileReference; fileEncoding = 4; lastKnownFileType = sourcecode.c.objc; path = CollectionPrettyCell.m; sourceTree = "<group>"; };
		1463377B1EC1AEE6007A7440 /* CollectionPrettyCell.xib */ = {isa = PBXFileReference; fileEncoding = 4; lastKnownFileType = file.xib; path = CollectionPrettyCell.xib; sourceTree = "<group>"; };
		1463377E1EC1BA1C007A7440 /* NetWork.h */ = {isa = PBXFileReference; fileEncoding = 4; lastKnownFileType = sourcecode.c.h; path = NetWork.h; sourceTree = "<group>"; };
		1463377F1EC1BA1C007A7440 /* NetWork.m */ = {isa = PBXFileReference; fileEncoding = 4; lastKnownFileType = sourcecode.c.objc; path = NetWork.m; sourceTree = "<group>"; };
		146337821EC1BC4E007A7440 /* RecommendViewModel.h */ = {isa = PBXFileReference; fileEncoding = 4; lastKnownFileType = sourcecode.c.h; path = RecommendViewModel.h; sourceTree = "<group>"; };
		146337831EC1BC4E007A7440 /* RecommendViewModel.m */ = {isa = PBXFileReference; fileEncoding = 4; lastKnownFileType = sourcecode.c.objc; path = RecommendViewModel.m; sourceTree = "<group>"; };
		146337861EC1BDC0007A7440 /* NewWorkHeader.h */ = {isa = PBXFileReference; lastKnownFileType = sourcecode.c.h; path = NewWorkHeader.h; sourceTree = "<group>"; };
		146337871EC1C443007A7440 /* BIgDataModel.h */ = {isa = PBXFileReference; fileEncoding = 4; lastKnownFileType = sourcecode.c.h; path = BIgDataModel.h; sourceTree = "<group>"; };
		146337881EC1C443007A7440 /* BIgDataModel.m */ = {isa = PBXFileReference; fileEncoding = 4; lastKnownFileType = sourcecode.c.objc; path = BIgDataModel.m; sourceTree = "<group>"; };
		1463378A1EC1CB02007A7440 /* NSObject+Extend.h */ = {isa = PBXFileReference; fileEncoding = 4; lastKnownFileType = sourcecode.c.h; path = "NSObject+Extend.h"; sourceTree = "<group>"; };
		1463378B1EC1CB02007A7440 /* NSObject+Extend.m */ = {isa = PBXFileReference; fileEncoding = 4; lastKnownFileType = sourcecode.c.objc; path = "NSObject+Extend.m"; sourceTree = "<group>"; };
		1463378D1EC1D0B7007A7440 /* PrettyDataModel.h */ = {isa = PBXFileReference; fileEncoding = 4; lastKnownFileType = sourcecode.c.h; path = PrettyDataModel.h; sourceTree = "<group>"; };
		1463378E1EC1D0B7007A7440 /* PrettyDataModel.m */ = {isa = PBXFileReference; fileEncoding = 4; lastKnownFileType = sourcecode.c.objc; path = PrettyDataModel.m; sourceTree = "<group>"; };
		146337901EC1D5F2007A7440 /* RoomListModel.h */ = {isa = PBXFileReference; fileEncoding = 4; lastKnownFileType = sourcecode.c.h; path = RoomListModel.h; sourceTree = "<group>"; };
		146337911EC1D5F2007A7440 /* RoomListModel.m */ = {isa = PBXFileReference; fileEncoding = 4; lastKnownFileType = sourcecode.c.objc; path = RoomListModel.m; sourceTree = "<group>"; };
		146337931EC1D625007A7440 /* HotCareModel.h */ = {isa = PBXFileReference; fileEncoding = 4; lastKnownFileType = sourcecode.c.h; path = HotCareModel.h; sourceTree = "<group>"; };
		146337941EC1D625007A7440 /* HotCareModel.m */ = {isa = PBXFileReference; fileEncoding = 4; lastKnownFileType = sourcecode.c.objc; path = HotCareModel.m; sourceTree = "<group>"; };
		1466F5A71EC2E6BD00AA238F /* RecommendCycleView.h */ = {isa = PBXFileReference; fileEncoding = 4; lastKnownFileType = sourcecode.c.h; path = RecommendCycleView.h; sourceTree = "<group>"; };
		1466F5A81EC2E6BD00AA238F /* RecommendCycleView.m */ = {isa = PBXFileReference; fileEncoding = 4; lastKnownFileType = sourcecode.c.objc; path = RecommendCycleView.m; sourceTree = "<group>"; };
		1466F5AA1EC2E6CE00AA238F /* RecommendCycleView.xib */ = {isa = PBXFileReference; fileEncoding = 4; lastKnownFileType = file.xib; path = RecommendCycleView.xib; sourceTree = "<group>"; };
		1466F5AC1EC2F60000AA238F /* CycleModel.h */ = {isa = PBXFileReference; fileEncoding = 4; lastKnownFileType = sourcecode.c.h; path = CycleModel.h; sourceTree = "<group>"; };
		1466F5AD1EC2F60000AA238F /* CycleModel.m */ = {isa = PBXFileReference; fileEncoding = 4; lastKnownFileType = sourcecode.c.objc; path = CycleModel.m; sourceTree = "<group>"; };
		1466F5AF1EC3004800AA238F /* CollectionCycleCell.h */ = {isa = PBXFileReference; fileEncoding = 4; lastKnownFileType = sourcecode.c.h; path = CollectionCycleCell.h; sourceTree = "<group>"; };
		1466F5B01EC3004800AA238F /* CollectionCycleCell.m */ = {isa = PBXFileReference; fileEncoding = 4; lastKnownFileType = sourcecode.c.objc; path = CollectionCycleCell.m; sourceTree = "<group>"; };
		1466F5B11EC3004800AA238F /* CollectionCycleCell.xib */ = {isa = PBXFileReference; fileEncoding = 4; lastKnownFileType = file.xib; path = CollectionCycleCell.xib; sourceTree = "<group>"; };
		1466F5B41EC31D7F00AA238F /* RecommendGameView.h */ = {isa = PBXFileReference; fileEncoding = 4; lastKnownFileType = sourcecode.c.h; path = RecommendGameView.h; sourceTree = "<group>"; };
		1466F5B51EC31D7F00AA238F /* RecommendGameView.m */ = {isa = PBXFileReference; fileEncoding = 4; lastKnownFileType = sourcecode.c.objc; path = RecommendGameView.m; sourceTree = "<group>"; };
		1466F5B71EC31D8B00AA238F /* RecommendGameView.xib */ = {isa = PBXFileReference; fileEncoding = 4; lastKnownFileType = file.xib; path = RecommendGameView.xib; sourceTree = "<group>"; };
		1466F5B91EC32A0A00AA238F /* CollectionGameCell.h */ = {isa = PBXFileReference; fileEncoding = 4; lastKnownFileType = sourcecode.c.h; path = CollectionGameCell.h; sourceTree = "<group>"; };
		1466F5BA1EC32A0A00AA238F /* CollectionGameCell.m */ = {isa = PBXFileReference; fileEncoding = 4; lastKnownFileType = sourcecode.c.objc; path = CollectionGameCell.m; sourceTree = "<group>"; };
		1466F5BB1EC32A0A00AA238F /* CollectionGameCell.xib */ = {isa = PBXFileReference; fileEncoding = 4; lastKnownFileType = file.xib; path = CollectionGameCell.xib; sourceTree = "<group>"; };
		146B2D691EC0223600974785 /* UIBarButtonItem+Extend.h */ = {isa = PBXFileReference; fileEncoding = 4; lastKnownFileType = sourcecode.c.h; path = "UIBarButtonItem+Extend.h"; sourceTree = "<group>"; };
		146B2D6A1EC0223600974785 /* UIBarButtonItem+Extend.m */ = {isa = PBXFileReference; fileEncoding = 4; lastKnownFileType = sourcecode.c.objc; path = "UIBarButtonItem+Extend.m"; sourceTree = "<group>"; };
		146B2D6C1EC022CD00974785 /* UIColor+Extend.h */ = {isa = PBXFileReference; fileEncoding = 4; lastKnownFileType = sourcecode.c.h; path = "UIColor+Extend.h"; sourceTree = "<group>"; };
		146B2D6D1EC022CD00974785 /* UIColor+Extend.m */ = {isa = PBXFileReference; fileEncoding = 4; lastKnownFileType = sourcecode.c.objc; path = "UIColor+Extend.m"; sourceTree = "<group>"; };
		146B2D701EC027C200974785 /* PrefixHeader.pch */ = {isa = PBXFileReference; lastKnownFileType = sourcecode.c.h; path = PrefixHeader.pch; sourceTree = "<group>"; };
		146B2D711EC04DB400974785 /* PageTitleView.h */ = {isa = PBXFileReference; fileEncoding = 4; lastKnownFileType = sourcecode.c.h; path = PageTitleView.h; sourceTree = "<group>"; };
		146B2D721EC04DB400974785 /* PageTitleView.m */ = {isa = PBXFileReference; fileEncoding = 4; lastKnownFileType = sourcecode.c.objc; path = PageTitleView.m; sourceTree = "<group>"; };
		146B2D741EC0691700974785 /* PageContentView.h */ = {isa = PBXFileReference; fileEncoding = 4; lastKnownFileType = sourcecode.c.h; path = PageContentView.h; sourceTree = "<group>"; };
		146B2D751EC0691700974785 /* PageContentView.m */ = {isa = PBXFileReference; fileEncoding = 4; lastKnownFileType = sourcecode.c.objc; path = PageContentView.m; sourceTree = "<group>"; };
		15E5545CBB1B0096D92995B6 /* Pods-Live.debug.xcconfig */ = {isa = PBXFileReference; includeInIndex = 1; lastKnownFileType = text.xcconfig; name = "Pods-Live.debug.xcconfig"; path = "Pods/Target Support Files/Pods-Live/Pods-Live.debug.xcconfig"; sourceTree = "<group>"; };
		C36C63CC0ABC62F08BC68704 /* libPods-Live.a */ = {isa = PBXFileReference; explicitFileType = archive.ar; includeInIndex = 0; path = "libPods-Live.a"; sourceTree = BUILT_PRODUCTS_DIR; };
		EB71E0D37D30FC3B3179BCA1 /* Pods-Live.release.xcconfig */ = {isa = PBXFileReference; includeInIndex = 1; lastKnownFileType = text.xcconfig; name = "Pods-Live.release.xcconfig"; path = "Pods/Target Support Files/Pods-Live/Pods-Live.release.xcconfig"; sourceTree = "<group>"; };
/* End PBXFileReference section */

/* Begin PBXFrameworksBuildPhase section */
		141D67821EBC723700065D86 /* Frameworks */ = {
			isa = PBXFrameworksBuildPhase;
			buildActionMask = 2147483647;
			files = (
				2D7D6D10B922922F49AD9DC0 /* libPods-Live.a in Frameworks */,
			);
			runOnlyForDeploymentPostprocessing = 0;
		};
/* End PBXFrameworksBuildPhase section */

/* Begin PBXGroup section */
		141D677C1EBC723700065D86 = {
			isa = PBXGroup;
			children = (
				141D67871EBC723700065D86 /* Live */,
				141D67861EBC723700065D86 /* Products */,
				690DCB9650B376595EAA890D /* Pods */,
				3516CD14D739A3BD625B3B32 /* Frameworks */,
			);
			sourceTree = "<group>";
		};
		141D67861EBC723700065D86 /* Products */ = {
			isa = PBXGroup;
			children = (
				141D67851EBC723700065D86 /* Live.app */,
			);
			name = Products;
			sourceTree = "<group>";
		};
		141D67871EBC723700065D86 /* Live */ = {
			isa = PBXGroup;
			children = (
				141D679F1EBC7A5F00065D86 /* Classes */,
				141D678B1EBC723700065D86 /* AppDelegate.h */,
				141D678C1EBC723700065D86 /* AppDelegate.m */,
				141D67911EBC723700065D86 /* Main.storyboard */,
				141D67941EBC723700065D86 /* Assets.xcassets */,
				141D67961EBC723700065D86 /* LaunchScreen.storyboard */,
				141D67991EBC723700065D86 /* Info.plist */,
				141D67881EBC723700065D86 /* Supporting Files */,
			);
			path = Live;
			sourceTree = "<group>";
		};
		141D67881EBC723700065D86 /* Supporting Files */ = {
			isa = PBXGroup;
			children = (
				141D67891EBC723700065D86 /* main.m */,
				146B2D701EC027C200974785 /* PrefixHeader.pch */,
			);
			name = "Supporting Files";
			sourceTree = "<group>";
		};
		141D679F1EBC7A5F00065D86 /* Classes */ = {
			isa = PBXGroup;
			children = (
				1428B7BD1EBCA03E00D072B7 /* Common */,
				141D67A81EBC7A5F00065D86 /* Main(主要) */,
				141D67A01EBC7A5F00065D86 /* Home(首页) */,
				141D67A41EBC7A5F00065D86 /* Live(直播) */,
				141D67AC1EBC7A5F00065D86 /* Profile(我的) */,
				141D67B01EBC7A5F00065D86 /* Tools(工具) */,
			);
			path = Classes;
			sourceTree = "<group>";
		};
		141D67A01EBC7A5F00065D86 /* Home(首页) */ = {
			isa = PBXGroup;
			children = (
				141D67B11EBC7D7500065D86 /* Home.storyboard */,
				141D67A11EBC7A5F00065D86 /* Controller */,
				141D67A21EBC7A5F00065D86 /* Model */,
				141D67A31EBC7A5F00065D86 /* View */,
				146337811EC1BC2B007A7440 /* ViewModel */,
			);
			name = "Home(首页)";
			path = Home;
			sourceTree = "<group>";
		};
		141D67A11EBC7A5F00065D86 /* Controller */ = {
			isa = PBXGroup;
			children = (
				1428B7C11EBCA4EF00D072B7 /* HomeViewController.h */,
				1428B7C21EBCA4EF00D072B7 /* HomeViewController.m */,
				1463375F1EC17481007A7440 /* RecommendViewController.h */,
				146337601EC17481007A7440 /* RecommendViewController.m */,
			);
			path = Controller;
			sourceTree = "<group>";
		};
		141D67A21EBC7A5F00065D86 /* Model */ = {
			isa = PBXGroup;
			children = (
				146337871EC1C443007A7440 /* BIgDataModel.h */,
				146337881EC1C443007A7440 /* BIgDataModel.m */,
				1463378D1EC1D0B7007A7440 /* PrettyDataModel.h */,
				1463378E1EC1D0B7007A7440 /* PrettyDataModel.m */,
				146337931EC1D625007A7440 /* HotCareModel.h */,
				146337941EC1D625007A7440 /* HotCareModel.m */,
				146337901EC1D5F2007A7440 /* RoomListModel.h */,
				146337911EC1D5F2007A7440 /* RoomListModel.m */,
				1466F5AC1EC2F60000AA238F /* CycleModel.h */,
				1466F5AD1EC2F60000AA238F /* CycleModel.m */,
			);
			path = Model;
			sourceTree = "<group>";
		};
		141D67A31EBC7A5F00065D86 /* View */ = {
			isa = PBXGroup;
			children = (
				146337621EC194F8007A7440 /* RecommendHeaderView.h */,
				146337631EC194F8007A7440 /* RecommendHeaderView.m */,
				146337641EC194F8007A7440 /* RecommendHeaderView.xib */,
				146337741EC1A8FE007A7440 /* CollectionNormalCell.h */,
				146337751EC1A8FE007A7440 /* CollectionNormalCell.m */,
				146337761EC1A8FE007A7440 /* CollectionNormalCell.xib */,
				146337791EC1AEE6007A7440 /* CollectionPrettyCell.h */,
				1463377A1EC1AEE6007A7440 /* CollectionPrettyCell.m */,
				1463377B1EC1AEE6007A7440 /* CollectionPrettyCell.xib */,
				1466F5A71EC2E6BD00AA238F /* RecommendCycleView.h */,
				1466F5A81EC2E6BD00AA238F /* RecommendCycleView.m */,
				1466F5AA1EC2E6CE00AA238F /* RecommendCycleView.xib */,
				1466F5AF1EC3004800AA238F /* CollectionCycleCell.h */,
				1466F5B01EC3004800AA238F /* CollectionCycleCell.m */,
				1466F5B11EC3004800AA238F /* CollectionCycleCell.xib */,
				1466F5B41EC31D7F00AA238F /* RecommendGameView.h */,
				1466F5B51EC31D7F00AA238F /* RecommendGameView.m */,
				1466F5B71EC31D8B00AA238F /* RecommendGameView.xib */,
				1466F5B91EC32A0A00AA238F /* CollectionGameCell.h */,
				1466F5BA1EC32A0A00AA238F /* CollectionGameCell.m */,
				1466F5BB1EC32A0A00AA238F /* CollectionGameCell.xib */,
			);
			path = View;
			sourceTree = "<group>";
		};
		141D67A41EBC7A5F00065D86 /* Live(直播) */ = {
			isa = PBXGroup;
			children = (
				141D67B51EBC7DE900065D86 /* Live.storyboard */,
				141D67A51EBC7A5F00065D86 /* Controller */,
				141D67A61EBC7A5F00065D86 /* Model */,
				141D67A71EBC7A5F00065D86 /* View */,
			);
			name = "Live(直播)";
			path = Live;
			sourceTree = "<group>";
		};
		141D67A51EBC7A5F00065D86 /* Controller */ = {
			isa = PBXGroup;
			children = (
				1428B7C41EBCA4F900D072B7 /* LiveViewController.h */,
				1428B7C51EBCA4F900D072B7 /* LiveViewController.m */,
			);
			path = Controller;
			sourceTree = "<group>";
		};
		141D67A61EBC7A5F00065D86 /* Model */ = {
			isa = PBXGroup;
			children = (
			);
			path = Model;
			sourceTree = "<group>";
		};
		141D67A71EBC7A5F00065D86 /* View */ = {
			isa = PBXGroup;
			children = (
			);
			path = View;
			sourceTree = "<group>";
		};
		141D67A81EBC7A5F00065D86 /* Main(主要) */ = {
			isa = PBXGroup;
			children = (
				141D67A91EBC7A5F00065D86 /* Controller */,
				141D67AA1EBC7A5F00065D86 /* Model */,
				141D67AB1EBC7A5F00065D86 /* View */,
			);
			name = "Main(主要)";
			path = Main;
			sourceTree = "<group>";
		};
		141D67A91EBC7A5F00065D86 /* Controller */ = {
			isa = PBXGroup;
			children = (
				141D67B91EBC7F1500065D86 /* MainViewController.h */,
				141D67BA1EBC7F1500065D86 /* MainViewController.m */,
			);
			path = Controller;
			sourceTree = "<group>";
		};
		141D67AA1EBC7A5F00065D86 /* Model */ = {
			isa = PBXGroup;
			children = (
			);
			path = Model;
			sourceTree = "<group>";
		};
		141D67AB1EBC7A5F00065D86 /* View */ = {
			isa = PBXGroup;
			children = (
				146B2D711EC04DB400974785 /* PageTitleView.h */,
				146B2D721EC04DB400974785 /* PageTitleView.m */,
				146B2D741EC0691700974785 /* PageContentView.h */,
				146B2D751EC0691700974785 /* PageContentView.m */,
			);
			path = View;
			sourceTree = "<group>";
		};
		141D67AC1EBC7A5F00065D86 /* Profile(我的) */ = {
			isa = PBXGroup;
			children = (
				141D67B71EBC7E2700065D86 /* Profile.storyboard */,
				141D67AD1EBC7A5F00065D86 /* Controller */,
				141D67AE1EBC7A5F00065D86 /* Model */,
				141D67AF1EBC7A5F00065D86 /* View */,
			);
			name = "Profile(我的)";
			path = Profile;
			sourceTree = "<group>";
		};
		141D67AD1EBC7A5F00065D86 /* Controller */ = {
			isa = PBXGroup;
			children = (
				1428B7C71EBCA50200D072B7 /* ProfileViewController.h */,
				1428B7C81EBCA50200D072B7 /* ProfileViewController.m */,
			);
			path = Controller;
			sourceTree = "<group>";
		};
		141D67AE1EBC7A5F00065D86 /* Model */ = {
			isa = PBXGroup;
			children = (
			);
			path = Model;
			sourceTree = "<group>";
		};
		141D67AF1EBC7A5F00065D86 /* View */ = {
			isa = PBXGroup;
			children = (
			);
			path = View;
			sourceTree = "<group>";
		};
		141D67B01EBC7A5F00065D86 /* Tools(工具) */ = {
			isa = PBXGroup;
			children = (
				1463377E1EC1BA1C007A7440 /* NetWork.h */,
				1463377F1EC1BA1C007A7440 /* NetWork.m */,
				146337861EC1BDC0007A7440 /* NewWorkHeader.h */,
			);
			name = "Tools(工具)";
			path = Tools;
			sourceTree = "<group>";
		};
		1428B7BD1EBCA03E00D072B7 /* Common */ = {
			isa = PBXGroup;
			children = (
				1428B7BE1EBCA04900D072B7 /* UITabBar+Swizzling.h */,
				1428B7BF1EBCA04900D072B7 /* UITabBar+Swizzling.m */,
				146B2D691EC0223600974785 /* UIBarButtonItem+Extend.h */,
				146B2D6A1EC0223600974785 /* UIBarButtonItem+Extend.m */,
				146B2D6C1EC022CD00974785 /* UIColor+Extend.h */,
				146B2D6D1EC022CD00974785 /* UIColor+Extend.m */,
				1463378A1EC1CB02007A7440 /* NSObject+Extend.h */,
				1463378B1EC1CB02007A7440 /* NSObject+Extend.m */,
			);
			path = Common;
			sourceTree = "<group>";
		};
		146337811EC1BC2B007A7440 /* ViewModel */ = {
			isa = PBXGroup;
			children = (
				146337821EC1BC4E007A7440 /* RecommendViewModel.h */,
				146337831EC1BC4E007A7440 /* RecommendViewModel.m */,
			);
			path = ViewModel;
			sourceTree = "<group>";
		};
		3516CD14D739A3BD625B3B32 /* Frameworks */ = {
			isa = PBXGroup;
			children = (
				C36C63CC0ABC62F08BC68704 /* libPods-Live.a */,
			);
			name = Frameworks;
			sourceTree = "<group>";
		};
		690DCB9650B376595EAA890D /* Pods */ = {
			isa = PBXGroup;
			children = (
				15E5545CBB1B0096D92995B6 /* Pods-Live.debug.xcconfig */,
				EB71E0D37D30FC3B3179BCA1 /* Pods-Live.release.xcconfig */,
			);
			name = Pods;
			sourceTree = "<group>";
		};
/* End PBXGroup section */

/* Begin PBXNativeTarget section */
		141D67841EBC723700065D86 /* Live */ = {
			isa = PBXNativeTarget;
			buildConfigurationList = 141D679C1EBC723700065D86 /* Build configuration list for PBXNativeTarget "Live" */;
			buildPhases = (
				9EE1D1E07DF2E3EF4C088EB3 /* [CP] Check Pods Manifest.lock */,
				141D67811EBC723700065D86 /* Sources */,
				141D67821EBC723700065D86 /* Frameworks */,
				141D67831EBC723700065D86 /* Resources */,
				50ECB191AFD356C9F6F9673C /* [CP] Embed Pods Frameworks */,
				C7D31585D756CCD01FBEF705 /* [CP] Copy Pods Resources */,
			);
			buildRules = (
			);
			dependencies = (
			);
			name = Live;
			productName = Live;
			productReference = 141D67851EBC723700065D86 /* Live.app */;
			productType = "com.apple.product-type.application";
		};
/* End PBXNativeTarget section */

/* Begin PBXProject section */
		141D677D1EBC723700065D86 /* Project object */ = {
			isa = PBXProject;
			attributes = {
				LastUpgradeCheck = 0820;
				ORGANIZATIONNAME = Joe;
				TargetAttributes = {
					141D67841EBC723700065D86 = {
						CreatedOnToolsVersion = 8.2.1;
						ProvisioningStyle = Automatic;
					};
				};
			};
			buildConfigurationList = 141D67801EBC723700065D86 /* Build configuration list for PBXProject "Live" */;
			compatibilityVersion = "Xcode 3.2";
			developmentRegion = English;
			hasScannedForEncodings = 0;
			knownRegions = (
				en,
				Base,
			);
			mainGroup = 141D677C1EBC723700065D86;
			productRefGroup = 141D67861EBC723700065D86 /* Products */;
			projectDirPath = "";
			projectRoot = "";
			targets = (
				141D67841EBC723700065D86 /* Live */,
			);
		};
/* End PBXProject section */

/* Begin PBXResourcesBuildPhase section */
		141D67831EBC723700065D86 /* Resources */ = {
			isa = PBXResourcesBuildPhase;
			buildActionMask = 2147483647;
			files = (
				1466F5AB1EC2E6CE00AA238F /* RecommendCycleView.xib in Resources */,
				141D67B81EBC7E2700065D86 /* Profile.storyboard in Resources */,
				141D67981EBC723700065D86 /* LaunchScreen.storyboard in Resources */,
				141D67951EBC723700065D86 /* Assets.xcassets in Resources */,
				1466F5B31EC3004800AA238F /* CollectionCycleCell.xib in Resources */,
				1466F5BD1EC32A0A00AA238F /* CollectionGameCell.xib in Resources */,
				1466F5B81EC31D8B00AA238F /* RecommendGameView.xib in Resources */,
				141D67931EBC723700065D86 /* Main.storyboard in Resources */,
				146337661EC194F8007A7440 /* RecommendHeaderView.xib in Resources */,
				141D67B61EBC7DE900065D86 /* Live.storyboard in Resources */,
				146337781EC1A8FE007A7440 /* CollectionNormalCell.xib in Resources */,
				1463377D1EC1AEE6007A7440 /* CollectionPrettyCell.xib in Resources */,
				141D67B21EBC7D7500065D86 /* Home.storyboard in Resources */,
			);
			runOnlyForDeploymentPostprocessing = 0;
		};
/* End PBXResourcesBuildPhase section */

/* Begin PBXShellScriptBuildPhase section */
		50ECB191AFD356C9F6F9673C /* [CP] Embed Pods Frameworks */ = {
			isa = PBXShellScriptBuildPhase;
			buildActionMask = 2147483647;
			files = (
			);
			inputPaths = (
			);
			name = "[CP] Embed Pods Frameworks";
			outputPaths = (
			);
			runOnlyForDeploymentPostprocessing = 0;
			shellPath = /bin/sh;
			shellScript = "\"${SRCROOT}/Pods/Target Support Files/Pods-Live/Pods-Live-frameworks.sh\"\n";
			showEnvVarsInLog = 0;
		};
		9EE1D1E07DF2E3EF4C088EB3 /* [CP] Check Pods Manifest.lock */ = {
			isa = PBXShellScriptBuildPhase;
			buildActionMask = 2147483647;
			files = (
			);
			inputPaths = (
			);
			name = "[CP] Check Pods Manifest.lock";
			outputPaths = (
			);
			runOnlyForDeploymentPostprocessing = 0;
			shellPath = /bin/sh;
			shellScript = "diff \"${PODS_PODFILE_DIR_PATH}/Podfile.lock\" \"${PODS_ROOT}/Manifest.lock\" > /dev/null\nif [ $? != 0 ] ; then\n    # print error to STDERR\n    echo \"error: The sandbox is not in sync with the Podfile.lock. Run 'pod install' or update your CocoaPods installation.\" >&2\n    exit 1\nfi\n";
			showEnvVarsInLog = 0;
		};
		C7D31585D756CCD01FBEF705 /* [CP] Copy Pods Resources */ = {
			isa = PBXShellScriptBuildPhase;
			buildActionMask = 2147483647;
			files = (
			);
			inputPaths = (
			);
			name = "[CP] Copy Pods Resources";
			outputPaths = (
			);
			runOnlyForDeploymentPostprocessing = 0;
			shellPath = /bin/sh;
			shellScript = "\"${SRCROOT}/Pods/Target Support Files/Pods-Live/Pods-Live-resources.sh\"\n";
			showEnvVarsInLog = 0;
		};
/* End PBXShellScriptBuildPhase section */

/* Begin PBXSourcesBuildPhase section */
		141D67811EBC723700065D86 /* Sources */ = {
			isa = PBXSourcesBuildPhase;
			buildActionMask = 2147483647;
			files = (
				146337771EC1A8FE007A7440 /* CollectionNormalCell.m in Sources */,
				1463378C1EC1CB02007A7440 /* NSObject+Extend.m in Sources */,
				1428B7C01EBCA04A00D072B7 /* UITabBar+Swizzling.m in Sources */,
				1428B7C91EBCA50200D072B7 /* ProfileViewController.m in Sources */,
				146337951EC1D625007A7440 /* HotCareModel.m in Sources */,
				146B2D761EC0691700974785 /* PageContentView.m in Sources */,
				141D678D1EBC723700065D86 /* AppDelegate.m in Sources */,
				141D678A1EBC723700065D86 /* main.m in Sources */,
				146337651EC194F8007A7440 /* RecommendHeaderView.m in Sources */,
				1466F5B61EC31D7F00AA238F /* RecommendGameView.m in Sources */,
				146337611EC17481007A7440 /* RecommendViewController.m in Sources */,
				1466F5A91EC2E6BD00AA238F /* RecommendCycleView.m in Sources */,
				146B2D6E1EC022CD00974785 /* UIColor+Extend.m in Sources */,
				1466F5BC1EC32A0A00AA238F /* CollectionGameCell.m in Sources */,
				146337921EC1D5F2007A7440 /* RoomListModel.m in Sources */,
				146B2D6B1EC0223600974785 /* UIBarButtonItem+Extend.m in Sources */,
				1463378F1EC1D0B7007A7440 /* PrettyDataModel.m in Sources */,
				1463377C1EC1AEE6007A7440 /* CollectionPrettyCell.m in Sources */,
				1466F5AE1EC2F60000AA238F /* CycleModel.m in Sources */,
				146337841EC1BC4E007A7440 /* RecommendViewModel.m in Sources */,
				141D67BB1EBC7F1500065D86 /* MainViewController.m in Sources */,
				1428B7C31EBCA4EF00D072B7 /* HomeViewController.m in Sources */,
				1466F5B21EC3004800AA238F /* CollectionCycleCell.m in Sources */,
				146337891EC1C443007A7440 /* BIgDataModel.m in Sources */,
				146B2D731EC04DB400974785 /* PageTitleView.m in Sources */,
				146337801EC1BA1C007A7440 /* NetWork.m in Sources */,
				1428B7C61EBCA4F900D072B7 /* LiveViewController.m in Sources */,
			);
			runOnlyForDeploymentPostprocessing = 0;
		};
/* End PBXSourcesBuildPhase section */

/* Begin PBXVariantGroup section */
		141D67911EBC723700065D86 /* Main.storyboard */ = {
			isa = PBXVariantGroup;
			children = (
				141D67921EBC723700065D86 /* Base */,
			);
			name = Main.storyboard;
			sourceTree = "<group>";
		};
		141D67961EBC723700065D86 /* LaunchScreen.storyboard */ = {
			isa = PBXVariantGroup;
			children = (
				141D67971EBC723700065D86 /* Base */,
			);
			name = LaunchScreen.storyboard;
			sourceTree = "<group>";
		};
/* End PBXVariantGroup section */

/* Begin XCBuildConfiguration section */
		141D679A1EBC723700065D86 /* Debug */ = {
			isa = XCBuildConfiguration;
			buildSettings = {
				ALWAYS_SEARCH_USER_PATHS = NO;
				CLANG_ANALYZER_NONNULL = YES;
				CLANG_CXX_LANGUAGE_STANDARD = "gnu++0x";
				CLANG_CXX_LIBRARY = "libc++";
				CLANG_ENABLE_MODULES = YES;
				CLANG_ENABLE_OBJC_ARC = YES;
				CLANG_WARN_BOOL_CONVERSION = YES;
				CLANG_WARN_CONSTANT_CONVERSION = YES;
				CLANG_WARN_DIRECT_OBJC_ISA_USAGE = YES_ERROR;
				CLANG_WARN_DOCUMENTATION_COMMENTS = YES;
				CLANG_WARN_EMPTY_BODY = YES;
				CLANG_WARN_ENUM_CONVERSION = YES;
				CLANG_WARN_INFINITE_RECURSION = YES;
				CLANG_WARN_INT_CONVERSION = YES;
				CLANG_WARN_OBJC_ROOT_CLASS = YES_ERROR;
				CLANG_WARN_SUSPICIOUS_MOVE = YES;
				CLANG_WARN_UNREACHABLE_CODE = YES;
				CLANG_WARN__DUPLICATE_METHOD_MATCH = YES;
				"CODE_SIGN_IDENTITY[sdk=iphoneos*]" = "iPhone Developer";
				COPY_PHASE_STRIP = NO;
				DEBUG_INFORMATION_FORMAT = dwarf;
				ENABLE_STRICT_OBJC_MSGSEND = YES;
				ENABLE_TESTABILITY = YES;
				GCC_C_LANGUAGE_STANDARD = gnu99;
				GCC_DYNAMIC_NO_PIC = NO;
				GCC_NO_COMMON_BLOCKS = YES;
				GCC_OPTIMIZATION_LEVEL = 0;
				GCC_PREPROCESSOR_DEFINITIONS = (
					"DEBUG=1",
					"$(inherited)",
				);
				GCC_WARN_64_TO_32_BIT_CONVERSION = YES;
				GCC_WARN_ABOUT_RETURN_TYPE = YES_ERROR;
				GCC_WARN_UNDECLARED_SELECTOR = YES;
				GCC_WARN_UNINITIALIZED_AUTOS = YES_AGGRESSIVE;
				GCC_WARN_UNUSED_FUNCTION = YES;
				GCC_WARN_UNUSED_VARIABLE = YES;
				IPHONEOS_DEPLOYMENT_TARGET = 10.2;
				MTL_ENABLE_DEBUG_INFO = YES;
				ONLY_ACTIVE_ARCH = YES;
				SDKROOT = iphoneos;
			};
			name = Debug;
		};
		141D679B1EBC723700065D86 /* Release */ = {
			isa = XCBuildConfiguration;
			buildSettings = {
				ALWAYS_SEARCH_USER_PATHS = NO;
				CLANG_ANALYZER_NONNULL = YES;
				CLANG_CXX_LANGUAGE_STANDARD = "gnu++0x";
				CLANG_CXX_LIBRARY = "libc++";
				CLANG_ENABLE_MODULES = YES;
				CLANG_ENABLE_OBJC_ARC = YES;
				CLANG_WARN_BOOL_CONVERSION = YES;
				CLANG_WARN_CONSTANT_CONVERSION = YES;
				CLANG_WARN_DIRECT_OBJC_ISA_USAGE = YES_ERROR;
				CLANG_WARN_DOCUMENTATION_COMMENTS = YES;
				CLANG_WARN_EMPTY_BODY = YES;
				CLANG_WARN_ENUM_CONVERSION = YES;
				CLANG_WARN_INFINITE_RECURSION = YES;
				CLANG_WARN_INT_CONVERSION = YES;
				CLANG_WARN_OBJC_ROOT_CLASS = YES_ERROR;
				CLANG_WARN_SUSPICIOUS_MOVE = YES;
				CLANG_WARN_UNREACHABLE_CODE = YES;
				CLANG_WARN__DUPLICATE_METHOD_MATCH = YES;
				"CODE_SIGN_IDENTITY[sdk=iphoneos*]" = "iPhone Developer";
				COPY_PHASE_STRIP = NO;
				DEBUG_INFORMATION_FORMAT = "dwarf-with-dsym";
				ENABLE_NS_ASSERTIONS = NO;
				ENABLE_STRICT_OBJC_MSGSEND = YES;
				GCC_C_LANGUAGE_STANDARD = gnu99;
				GCC_NO_COMMON_BLOCKS = YES;
				GCC_WARN_64_TO_32_BIT_CONVERSION = YES;
				GCC_WARN_ABOUT_RETURN_TYPE = YES_ERROR;
				GCC_WARN_UNDECLARED_SELECTOR = YES;
				GCC_WARN_UNINITIALIZED_AUTOS = YES_AGGRESSIVE;
				GCC_WARN_UNUSED_FUNCTION = YES;
				GCC_WARN_UNUSED_VARIABLE = YES;
				IPHONEOS_DEPLOYMENT_TARGET = 10.2;
				MTL_ENABLE_DEBUG_INFO = NO;
				SDKROOT = iphoneos;
				VALIDATE_PRODUCT = YES;
			};
			name = Release;
		};
		141D679D1EBC723700065D86 /* Debug */ = {
			isa = XCBuildConfiguration;
			baseConfigurationReference = 15E5545CBB1B0096D92995B6 /* Pods-Live.debug.xcconfig */;
			buildSettings = {
				ASSETCATALOG_COMPILER_APPICON_NAME = AppIcon;
				GCC_PRECOMPILE_PREFIX_HEADER = YES;
				GCC_PREFIX_HEADER = "$(SRCROOT)/Live/PrefixHeader.pch";
				INFOPLIST_FILE = Live/Info.plist;
				LD_RUNPATH_SEARCH_PATHS = "$(inherited) @executable_path/Frameworks";
				PRODUCT_BUNDLE_IDENTIFIER = com.shouyouquan.xx.Live;
				PRODUCT_NAME = "$(TARGET_NAME)";
			};
			name = Debug;
		};
		141D679E1EBC723700065D86 /* Release */ = {
			isa = XCBuildConfiguration;
			baseConfigurationReference = EB71E0D37D30FC3B3179BCA1 /* Pods-Live.release.xcconfig */;
			buildSettings = {
				ASSETCATALOG_COMPILER_APPICON_NAME = AppIcon;
				GCC_PRECOMPILE_PREFIX_HEADER = YES;
				GCC_PREFIX_HEADER = "$(SRCROOT)/Live/PrefixHeader.pch";
				INFOPLIST_FILE = Live/Info.plist;
				LD_RUNPATH_SEARCH_PATHS = "$(inherited) @executable_path/Frameworks";
				PRODUCT_BUNDLE_IDENTIFIER = com.shouyouquan.xx.Live;
				PRODUCT_NAME = "$(TARGET_NAME)";
			};
			name = Release;
		};
/* End XCBuildConfiguration section */

/* Begin XCConfigurationList section */
		141D67801EBC723700065D86 /* Build configuration list for PBXProject "Live" */ = {
			isa = XCConfigurationList;
			buildConfigurations = (
				141D679A1EBC723700065D86 /* Debug */,
				141D679B1EBC723700065D86 /* Release */,
			);
			defaultConfigurationIsVisible = 0;
			defaultConfigurationName = Release;
		};
		141D679C1EBC723700065D86 /* Build configuration list for PBXNativeTarget "Live" */ = {
			isa = XCConfigurationList;
			buildConfigurations = (
				141D679D1EBC723700065D86 /* Debug */,
				141D679E1EBC723700065D86 /* Release */,
			);
			defaultConfigurationIsVisible = 0;
			defaultConfigurationName = Release;
		};
/* End XCConfigurationList section */
	};
	rootObject = 141D677D1EBC723700065D86 /* Project object */;
}
